
Microsoft Visual Studio Solution File, Format Version 12.00
# Visual Studio Version 16
VisualStudioVersion = 16.0.32106.194
MinimumVisualStudioVersion = 10.0.40219.1
Project("{FAE04EC0-301F-11D3-BF4B-00C04F79EFBC}") = "MouseXButtonDisabler", "MouseXButtonDisabler\MouseXButtonDisabler.csproj", "{19129E22-BFFE-42F2-831F-D8D95C548F25}"
EndProject
Global
	GlobalSection(SolutionConfigurationPlatforms) = preSolution
		Debug|Any CPU = Debug|Any CPU
		Release|Any CPU = Release|Any CPU
	EndGlobalSection
	GlobalSection(ProjectConfigurationPlatforms) = postSolution
		{19129E22-BFFE-42F2-831F-D8D95C548F25}.Debug|Any CPU.ActiveCfg = Debug|Any CPU
		{19129E22-BFFE-42F2-831F-D8D95C548F25}.Debug|Any CPU.Build.0 = Debug|Any CPU
		{19129E22-BFFE-42F2-831F-D8D95C548F25}.Release|Any CPU.ActiveCfg = Release|Any CPU
		{19129E22-BFFE-42F2-831F-D8D95C548F25}.Release|Any CPU.Build.0 = Release|Any CPU
	EndGlobalSection
	GlobalSection(SolutionProperties) = preSolution
		HideSolutionNode = FALSE
	EndGlobalSection
	GlobalSection(ExtensibilityGlobals) = postSolution
		SolutionGuid = {4F9E7F6D-6477-47F1-ABA0-BBE4FBF27545}
	EndGlobalSection
EndGlobal
